
Microsoft Visual Studio Solution File, Format Version 12.00
# Visual Studio 15
Project("{FAE04EC0-301F-11D3-BF4B-00C04F79EFBC}") = "Assembly-CSharp", "Assembly-CSharp.csproj", "{913455FC-D3BA-7B6E-D460-561B688654E3}"
EndProject
Project("{FAE04EC0-301F-11D3-BF4B-00C04F79EFBC}") = "Assembly-CSharp-Editor", "Assembly-CSharp-Editor.csproj", "{DF2D0242-17F7-77B3-3C83-C3A75BE859E5}"
EndProject
Global
	GlobalSection(SolutionConfigurationPlatforms) = preSolution
		Debug|Any CPU = Debug|Any CPU
		Release|Any CPU = Release|Any CPU
	EndGlobalSection
	GlobalSection(ProjectConfigurationPlatforms) = postSolution
		{913455FC-D3BA-7B6E-D460-561B688654E3}.Debug|Any CPU.ActiveCfg = Debug|Any CPU
		{913455FC-D3BA-7B6E-D460-561B688654E3}.Debug|Any CPU.Build.0 = Debug|Any CPU
		{913455FC-D3BA-7B6E-D460-561B688654E3}.Release|Any CPU.ActiveCfg = Release|Any CPU
		{913455FC-D3BA-7B6E-D460-561B688654E3}.Release|Any CPU.Build.0 = Release|Any CPU
		{DF2D0242-17F7-77B3-3C83-C3A75BE859E5}.Debug|Any CPU.ActiveCfg = Debug|Any CPU
		{DF2D0242-17F7-77B3-3C83-C3A75BE859E5}.Debug|Any CPU.Build.0 = Debug|Any CPU
		{DF2D0242-17F7-77B3-3C83-C3A75BE859E5}.Release|Any CPU.ActiveCfg = Release|Any CPU
		{DF2D0242-17F7-77B3-3C83-C3A75BE859E5}.Release|Any CPU.Build.0 = Release|Any CPU
	EndGlobalSection
	GlobalSection(SolutionProperties) = preSolution
		HideSolutionNode = FALSE
	EndGlobalSection
EndGlobal
